
Microsoft Visual Studio Solution File, Format Version 12.00
# Visual Studio 15
VisualStudioVersion = 15.0.28307.2092
MinimumVisualStudioVersion = 10.0.40219.1
Project("{FAE04EC0-301F-11D3-BF4B-00C04F79EFBC}") = "sqlsifremiunuttumguncel", "sqlsifremiunuttumguncel\sqlsifremiunuttumguncel.csproj", "{52B4CC55-6C4B-4C78-8628-985DAC963C7A}"
EndProject
Global
	GlobalSection(SolutionConfigurationPlatforms) = preSolution
		Debug|Any CPU = Debug|Any CPU
		Release|Any CPU = Release|Any CPU
	EndGlobalSection
	GlobalSection(ProjectConfigurationPlatforms) = postSolution
		{52B4CC55-6C4B-4C78-8628-985DAC963C7A}.Debug|Any CPU.ActiveCfg = Debug|Any CPU
		{52B4CC55-6C4B-4C78-8628-985DAC963C7A}.Debug|Any CPU.Build.0 = Debug|Any CPU
		{52B4CC55-6C4B-4C78-8628-985DAC963C7A}.Release|Any CPU.ActiveCfg = Release|Any CPU
		{52B4CC55-6C4B-4C78-8628-985DAC963C7A}.Release|Any CPU.Build.0 = Release|Any CPU
	EndGlobalSection
	GlobalSection(SolutionProperties) = preSolution
		HideSolutionNode = FALSE
	EndGlobalSection
	GlobalSection(ExtensibilityGlobals) = postSolution
		SolutionGuid = {858A3B0F-95F4-4E3F-BAD3-A4767312231E}
	EndGlobalSection
EndGlobal
